
Microsoft Visual Studio Solution File, Format Version 12.00
# Visual Studio Version 16
VisualStudioVersion = 16.0.30621.155
MinimumVisualStudioVersion = 10.0.40219.1
Project("{FAE04EC0-301F-11D3-BF4B-00C04F79EFBC}") = "Exercise2_064_Marsa Sefta Lesmana", "Exercise2_064_Marsa Sefta Lesmana\Exercise2_064_Marsa Sefta Lesmana.csproj", "{A3C11A98-1C84-4FFF-BD11-47B9E126C234}"
EndProject
Project("{FAE04EC0-301F-11D3-BF4B-00C04F79EFBC}") = "Service_Exercixe2_064", "Service_Exercixe2_064\Service_Exercixe2_064.csproj", "{B382C709-0AD7-440B-A010-F0A4238DF6CA}"
EndProject
Project("{FAE04EC0-301F-11D3-BF4B-00C04F79EFBC}") = "ServerCode_Exercise2_064", "ServerCode_Exercise2_064\ServerCode_Exercise2_064.csproj", "{CE89035D-CF7A-4D9B-A5D9-E793A406B142}"
EndProject
Global
	GlobalSection(SolutionConfigurationPlatforms) = preSolution
		Debug|Any CPU = Debug|Any CPU
		Release|Any CPU = Release|Any CPU
	EndGlobalSection
	GlobalSection(ProjectConfigurationPlatforms) = postSolution
		{A3C11A98-1C84-4FFF-BD11-47B9E126C234}.Debug|Any CPU.ActiveCfg = Debug|Any CPU
		{A3C11A98-1C84-4FFF-BD11-47B9E126C234}.Debug|Any CPU.Build.0 = Debug|Any CPU
		{A3C11A98-1C84-4FFF-BD11-47B9E126C234}.Release|Any CPU.ActiveCfg = Release|Any CPU
		{A3C11A98-1C84-4FFF-BD11-47B9E126C234}.Release|Any CPU.Build.0 = Release|Any CPU
		{B382C709-0AD7-440B-A010-F0A4238DF6CA}.Debug|Any CPU.ActiveCfg = Debug|Any CPU
		{B382C709-0AD7-440B-A010-F0A4238DF6CA}.Debug|Any CPU.Build.0 = Debug|Any CPU
		{B382C709-0AD7-440B-A010-F0A4238DF6CA}.Release|Any CPU.ActiveCfg = Release|Any CPU
		{B382C709-0AD7-440B-A010-F0A4238DF6CA}.Release|Any CPU.Build.0 = Release|Any CPU
		{CE89035D-CF7A-4D9B-A5D9-E793A406B142}.Debug|Any CPU.ActiveCfg = Debug|Any CPU
		{CE89035D-CF7A-4D9B-A5D9-E793A406B142}.Debug|Any CPU.Build.0 = Debug|Any CPU
		{CE89035D-CF7A-4D9B-A5D9-E793A406B142}.Release|Any CPU.ActiveCfg = Release|Any CPU
		{CE89035D-CF7A-4D9B-A5D9-E793A406B142}.Release|Any CPU.Build.0 = Release|Any CPU
	EndGlobalSection
	GlobalSection(SolutionProperties) = preSolution
		HideSolutionNode = FALSE
	EndGlobalSection
	GlobalSection(ExtensibilityGlobals) = postSolution
		SolutionGuid = {5985038E-5889-487B-A50D-D15F4D9C746E}
	EndGlobalSection
EndGlobal
